// !$*UTF8*$!
{
	archiveVersion = 1;
	classes = {
	};
	objectVersion = 56;
	objects = {

/* Begin PBXBuildFile section */
		462EC0B52B39C71100D59389 /* ContentView.swift in Sources */ = {isa = PBXBuildFile; fileRef = 462EC0B42B39C71100D59389 /* ContentView.swift */; };
		462EC0B72B39C71200D59389 /* Assets.xcassets in Resources */ = {isa = PBXBuildFile; fileRef = 462EC0B62B39C71200D59389 /* Assets.xcassets */; };
		462EC0BA2B39C71200D59389 /* Preview Assets.xcassets in Resources */ = {isa = PBXBuildFile; fileRef = 462EC0B92B39C71200D59389 /* Preview Assets.xcassets */; };
		465EA5852B4D77DF009B1E21 /* DailyGaitDetector.swift in Sources */ = {isa = PBXBuildFile; fileRef = 465EA5842B4D77DF009B1E21 /* DailyGaitDetector.swift */; };
		466DB88D2B3A60EA00789347 /* MotionManager.swift in Sources */ = {isa = PBXBuildFile; fileRef = 466DB88C2B3A60EA00789347 /* MotionManager.swift */; };
		466DB88E2B3A617000789347 /* CoreMotion.framework in Frameworks */ = {isa = PBXBuildFile; fileRef = 462EC0C12B39D29F00D59389 /* CoreMotion.framework */; };
		466DB8912B3A618300789347 /* CoreMotion.framework in Frameworks */ = {isa = PBXBuildFile; fileRef = 462EC0C12B39D29F00D59389 /* CoreMotion.framework */; };
/* End PBXBuildFile section */

/* Begin PBXFileReference section */
		462EC0AF2B39C71100D59389 /* DailyGaitDetector.app */ = {isa = PBXFileReference; explicitFileType = wrapper.application; includeInIndex = 0; path = DailyGaitDetector.app; sourceTree = BUILT_PRODUCTS_DIR; };
		462EC0B42B39C71100D59389 /* ContentView.swift */ = {isa = PBXFileReference; lastKnownFileType = sourcecode.swift; path = ContentView.swift; sourceTree = "<group>"; };
		462EC0B62B39C71200D59389 /* Assets.xcassets */ = {isa = PBXFileReference; lastKnownFileType = folder.assetcatalog; path = Assets.xcassets; sourceTree = "<group>"; };
		462EC0B92B39C71200D59389 /* Preview Assets.xcassets */ = {isa = PBXFileReference; lastKnownFileType = folder.assetcatalog; path = "Preview Assets.xcassets"; sourceTree = "<group>"; };
		462EC0C12B39D29F00D59389 /* CoreMotion.framework */ = {isa = PBXFileReference; lastKnownFileType = wrapper.framework; name = CoreMotion.framework; path = System/Library/Frameworks/CoreMotion.framework; sourceTree = SDKROOT; };
		465EA5842B4D77DF009B1E21 /* DailyGaitDetector.swift */ = {isa = PBXFileReference; lastKnownFileType = sourcecode.swift; path = DailyGaitDetector.swift; sourceTree = "<group>"; };
		466DB88C2B3A60EA00789347 /* MotionManager.swift */ = {isa = PBXFileReference; lastKnownFileType = sourcecode.swift; path = MotionManager.swift; sourceTree = "<group>"; };
		46DC11992B4E83DC0020CC7E /* DailyGaitDetector.entitlements */ = {isa = PBXFileReference; lastKnownFileType = text.plist.entitlements; path = DailyGaitDetector.entitlements; sourceTree = "<group>"; };
/* End PBXFileReference section */

/* Begin PBXFrameworksBuildPhase section */
		462EC0AC2B39C71100D59389 /* Frameworks */ = {
			isa = PBXFrameworksBuildPhase;
			buildActionMask = 2147483647;
			files = (
				466DB88E2B3A617000789347 /* CoreMotion.framework in Frameworks */,
				466DB8912B3A618300789347 /* CoreMotion.framework in Frameworks */,
			);
			runOnlyForDeploymentPostprocessing = 0;
		};
/* End PBXFrameworksBuildPhase section */

/* Begin PBXGroup section */
		462EC0A62B39C71100D59389 = {
			isa = PBXGroup;
			children = (
				462EC0B12B39C71100D59389 /* DailyGaitDetector */,
				462EC0B02B39C71100D59389 /* Products */,
				462EC0C02B39D29F00D59389 /* Frameworks */,
			);
			sourceTree = "<group>";
		};
		462EC0B02B39C71100D59389 /* Products */ = {
			isa = PBXGroup;
			children = (
				462EC0AF2B39C71100D59389 /* DailyGaitDetector.app */,
			);
			name = Products;
			sourceTree = "<group>";
		};
		462EC0B12B39C71100D59389 /* DailyGaitDetector */ = {
			isa = PBXGroup;
			children = (
				46DC11992B4E83DC0020CC7E /* DailyGaitDetector.entitlements */,
				466DB88C2B3A60EA00789347 /* MotionManager.swift */,
				462EC0B42B39C71100D59389 /* ContentView.swift */,
				465EA5842B4D77DF009B1E21 /* DailyGaitDetector.swift */,
				462EC0B62B39C71200D59389 /* Assets.xcassets */,
				462EC0B82B39C71200D59389 /* Preview Content */,
			);
			path = DailyGaitDetector;
			sourceTree = "<group>";
		};
		462EC0B82B39C71200D59389 /* Preview Content */ = {
			isa = PBXGroup;
			children = (
				462EC0B92B39C71200D59389 /* Preview Assets.xcassets */,
			);
			path = "Preview Content";
			sourceTree = "<group>";
		};
		462EC0C02B39D29F00D59389 /* Frameworks */ = {
			isa = PBXGroup;
			children = (
				462EC0C12B39D29F00D59389 /* CoreMotion.framework */,
			);
			name = Frameworks;
			sourceTree = "<group>";
		};
/* End PBXGroup section */

/* Begin PBXNativeTarget section */
		462EC0AE2B39C71100D59389 /* DailyGaitDetector */ = {
			isa = PBXNativeTarget;
			buildConfigurationList = 462EC0BD2B39C71200D59389 /* Build configuration list for PBXNativeTarget "DailyGaitDetector" */;
			buildPhases = (
				462EC0AB2B39C71100D59389 /* Sources */,
				462EC0AC2B39C71100D59389 /* Frameworks */,
				462EC0AD2B39C71100D59389 /* Resources */,
			);
			buildRules = (
			);
			dependencies = (
			);
			name = DailyGaitDetector;
			productName = DailyGaitDetector;
			productReference = 462EC0AF2B39C71100D59389 /* DailyGaitDetector.app */;
			productType = "com.apple.product-type.application";
		};
/* End PBXNativeTarget section */

/* Begin PBXProject section */
		462EC0A72B39C71100D59389 /* Project object */ = {
			isa = PBXProject;
			attributes = {
				BuildIndependentTargetsInParallel = 1;
				LastSwiftUpdateCheck = 1510;
				LastUpgradeCheck = 1510;
				TargetAttributes = {
					462EC0AE2B39C71100D59389 = {
						CreatedOnToolsVersion = 15.1;
					};
				};
			};
			buildConfigurationList = 462EC0AA2B39C71100D59389 /* Build configuration list for PBXProject "DailyGaitDetector" */;
			compatibilityVersion = "Xcode 14.0";
			developmentRegion = en;
			hasScannedForEncodings = 0;
			knownRegions = (
				en,
				Base,
			);
			mainGroup = 462EC0A62B39C71100D59389;
			productRefGroup = 462EC0B02B39C71100D59389 /* Products */;
			projectDirPath = "";
			projectRoot = "";
			targets = (
				462EC0AE2B39C71100D59389 /* DailyGaitDetector */,
			);
		};
/* End PBXProject section */

/* Begin PBXResourcesBuildPhase section */
		462EC0AD2B39C71100D59389 /* Resources */ = {
			isa = PBXResourcesBuildPhase;
			buildActionMask = 2147483647;
			files = (
				462EC0BA2B39C71200D59389 /* Preview Assets.xcassets in Resources */,
				462EC0B72B39C71200D59389 /* Assets.xcassets in Resources */,
			);
			runOnlyForDeploymentPostprocessing = 0;
		};
/* End PBXResourcesBuildPhase section */

/* Begin PBXSourcesBuildPhase section */
		462EC0AB2B39C71100D59389 /* Sources */ = {
			isa = PBXSourcesBuildPhase;
			buildActionMask = 2147483647;
			files = (
				462EC0B52B39C71100D59389 /* ContentView.swift in Sources */,
				466DB88D2B3A60EA00789347 /* MotionManager.swift in Sources */,
				465EA5852B4D77DF009B1E21 /* DailyGaitDetector.swift in Sources */,
			);
			runOnlyForDeploymentPostprocessing = 0;
		};
/* End PBXSourcesBuildPhase section */

/* Begin XCBuildConfiguration section */
		462EC0BB2B39C71200D59389 /* Debug */ = {
			isa = XCBuildConfiguration;
			buildSettings = {
				ALWAYS_SEARCH_USER_PATHS = NO;
				ASSETCATALOG_COMPILER_GENERATE_SWIFT_ASSET_SYMBOL_EXTENSIONS = YES;
				CLANG_ANALYZER_NONNULL = YES;
				CLANG_ANALYZER_NUMBER_OBJECT_CONVERSION = YES_AGGRESSIVE;
				CLANG_CXX_LANGUAGE_STANDARD = "gnu++20";
				CLANG_ENABLE_MODULES = YES;
				CLANG_ENABLE_OBJC_ARC = YES;
				CLANG_ENABLE_OBJC_WEAK = YES;
				CLANG_WARN_BLOCK_CAPTURE_AUTORELEASING = YES;
				CLANG_WARN_BOOL_CONVERSION = YES;
				CLANG_WARN_COMMA = YES;
				CLANG_WARN_CONSTANT_CONVERSION = YES;
				CLANG_WARN_DEPRECATED_OBJC_IMPLEMENTATIONS = YES;
				CLANG_WARN_DIRECT_OBJC_ISA_USAGE = YES_ERROR;
				CLANG_WARN_DOCUMENTATION_COMMENTS = YES;
				CLANG_WARN_EMPTY_BODY = YES;
				CLANG_WARN_ENUM_CONVERSION = YES;
				CLANG_WARN_INFINITE_RECURSION = YES;
				CLANG_WARN_INT_CONVERSION = YES;
				CLANG_WARN_NON_LITERAL_NULL_CONVERSION = YES;
				CLANG_WARN_OBJC_IMPLICIT_RETAIN_SELF = YES;
				CLANG_WARN_OBJC_LITERAL_CONVERSION = YES;
				CLANG_WARN_OBJC_ROOT_CLASS = YES_ERROR;
				CLANG_WARN_QUOTED_INCLUDE_IN_FRAMEWORK_HEADER = YES;
				CLANG_WARN_RANGE_LOOP_ANALYSIS = YES;
				CLANG_WARN_STRICT_PROTOTYPES = YES;
				CLANG_WARN_SUSPICIOUS_MOVE = YES;
				CLANG_WARN_UNGUARDED_AVAILABILITY = YES_AGGRESSIVE;
				CLANG_WARN_UNREACHABLE_CODE = YES;
				CLANG_WARN__DUPLICATE_METHOD_MATCH = YES;
				COPY_PHASE_STRIP = NO;
				DEBUG_INFORMATION_FORMAT = dwarf;
				ENABLE_STRICT_OBJC_MSGSEND = YES;
				ENABLE_TESTABILITY = YES;
				ENABLE_USER_SCRIPT_SANDBOXING = YES;
				GCC_C_LANGUAGE_STANDARD = gnu17;
				GCC_DYNAMIC_NO_PIC = NO;
				GCC_NO_COMMON_BLOCKS = YES;
				GCC_OPTIMIZATION_LEVEL = 0;
				GCC_PREPROCESSOR_DEFINITIONS = (
					"DEBUG=1",
					"$(inherited)",
				);
				GCC_WARN_64_TO_32_BIT_CONVERSION = YES;
				GCC_WARN_ABOUT_RETURN_TYPE = YES_ERROR;
				GCC_WARN_UNDECLARED_SELECTOR = YES;
				GCC_WARN_UNINITIALIZED_AUTOS = YES_AGGRESSIVE;
				GCC_WARN_UNUSED_FUNCTION = YES;
				GCC_WARN_UNUSED_VARIABLE = YES;
				IPHONEOS_DEPLOYMENT_TARGET = 17.2;
				LOCALIZATION_PREFERS_STRING_CATALOGS = YES;
				MTL_ENABLE_DEBUG_INFO = INCLUDE_SOURCE;
				MTL_FAST_MATH = YES;
				ONLY_ACTIVE_ARCH = YES;
				SDKROOT = iphoneos;
				SWIFT_ACTIVE_COMPILATION_CONDITIONS = "DEBUG $(inherited)";
				SWIFT_OPTIMIZATION_LEVEL = "-Onone";
			};
			name = Debug;
		};
		462EC0BC2B39C71200D59389 /* Release */ = {
			isa = XCBuildConfiguration;
			buildSettings = {
				ALWAYS_SEARCH_USER_PATHS = NO;
				ASSETCATALOG_COMPILER_GENERATE_SWIFT_ASSET_SYMBOL_EXTENSIONS = YES;
				CLANG_ANALYZER_NONNULL = YES;
				CLANG_ANALYZER_NUMBER_OBJECT_CONVERSION = YES_AGGRESSIVE;
				CLANG_CXX_LANGUAGE_STANDARD = "gnu++20";
				CLANG_ENABLE_MODULES = YES;
				CLANG_ENABLE_OBJC_ARC = YES;
				CLANG_ENABLE_OBJC_WEAK = YES;
				CLANG_WARN_BLOCK_CAPTURE_AUTORELEASING = YES;
				CLANG_WARN_BOOL_CONVERSION = YES;
				CLANG_WARN_COMMA = YES;
				CLANG_WARN_CONSTANT_CONVERSION = YES;
				CLANG_WARN_DEPRECATED_OBJC_IMPLEMENTATIONS = YES;
				CLANG_WARN_DIRECT_OBJC_ISA_USAGE = YES_ERROR;
				CLANG_WARN_DOCUMENTATION_COMMENTS = YES;
				CLANG_WARN_EMPTY_BODY = YES;
				CLANG_WARN_ENUM_CONVERSION = YES;
				CLANG_WARN_INFINITE_RECURSION = YES;
				CLANG_WARN_INT_CONVERSION = YES;
				CLANG_WARN_NON_LITERAL_NULL_CONVERSION = YES;
				CLANG_WARN_OBJC_IMPLICIT_RETAIN_SELF = YES;
				CLANG_WARN_OBJC_LITERAL_CONVERSION = YES;
				CLANG_WARN_OBJC_ROOT_CLASS = YES_ERROR;
				CLANG_WARN_QUOTED_INCLUDE_IN_FRAMEWORK_HEADER = YES;
				CLANG_WARN_RANGE_LOOP_ANALYSIS = YES;
				CLANG_WARN_STRICT_PROTOTYPES = YES;
				CLANG_WARN_SUSPICIOUS_MOVE = YES;
				CLANG_WARN_UNGUARDED_AVAILABILITY = YES_AGGRESSIVE;
				CLANG_WARN_UNREACHABLE_CODE = YES;
				CLANG_WARN__DUPLICATE_METHOD_MATCH = YES;
				COPY_PHASE_STRIP = NO;
				DEBUG_INFORMATION_FORMAT = "dwarf-with-dsym";
				ENABLE_NS_ASSERTIONS = NO;
				ENABLE_STRICT_OBJC_MSGSEND = YES;
				ENABLE_USER_SCRIPT_SANDBOXING = YES;
				GCC_C_LANGUAGE_STANDARD = gnu17;
				GCC_NO_COMMON_BLOCKS = YES;
				GCC_WARN_64_TO_32_BIT_CONVERSION = YES;
				GCC_WARN_ABOUT_RETURN_TYPE = YES_ERROR;
				GCC_WARN_UNDECLARED_SELECTOR = YES;
				GCC_WARN_UNINITIALIZED_AUTOS = YES_AGGRESSIVE;
				GCC_WARN_UNUSED_FUNCTION = YES;
				GCC_WARN_UNUSED_VARIABLE = YES;
				IPHONEOS_DEPLOYMENT_TARGET = 17.2;
				LOCALIZATION_PREFERS_STRING_CATALOGS = YES;
				MTL_ENABLE_DEBUG_INFO = NO;
				MTL_FAST_MATH = YES;
				SDKROOT = iphoneos;
				SWIFT_COMPILATION_MODE = wholemodule;
				VALIDATE_PRODUCT = YES;
			};
			name = Release;
		};
		462EC0BE2B39C71200D59389 /* Debug */ = {
			isa = XCBuildConfiguration;
			buildSettings = {
				ASSETCATALOG_COMPILER_APPICON_NAME = AppIcon;
				ASSETCATALOG_COMPILER_GLOBAL_ACCENT_COLOR_NAME = AccentColor;
				CODE_SIGN_ENTITLEMENTS = DailyGaitDetector/DailyGaitDetector.entitlements;
				CODE_SIGN_STYLE = Automatic;
				CURRENT_PROJECT_VERSION = 1;
				DEVELOPMENT_ASSET_PATHS = "\"DailyGaitDetector/Preview Content\"";
				DEVELOPMENT_TEAM = B6Q254YT45;
				ENABLE_PREVIEWS = YES;
				GENERATE_INFOPLIST_FILE = YES;
				INFOPLIST_KEY_NSHealthShareUsageDescription = "Visit \"Health\" and read data";
				INFOPLIST_KEY_NSHealthUpdateUsageDescription = "Visit \"Health\" and read data";
				INFOPLIST_KEY_UIApplicationSceneManifest_Generation = YES;
				INFOPLIST_KEY_UIApplicationSupportsIndirectInputEvents = YES;
				INFOPLIST_KEY_UILaunchScreen_Generation = YES;
				INFOPLIST_KEY_UISupportedInterfaceOrientations_iPad = "UIInterfaceOrientationPortrait UIInterfaceOrientationPortraitUpsideDown UIInterfaceOrientationLandscapeLeft UIInterfaceOrientationLandscapeRight";
				INFOPLIST_KEY_UISupportedInterfaceOrientations_iPhone = "UIInterfaceOrientationPortrait UIInterfaceOrientationLandscapeLeft UIInterfaceOrientationLandscapeRight";
				IPHONEOS_DEPLOYMENT_TARGET = 16.0;
				LD_RUNPATH_SEARCH_PATHS = (
					"$(inherited)",
					"@executable_path/Frameworks",
				);
				MARKETING_VERSION = 1.0;
				PRODUCT_BUNDLE_IDENTIFIER = keio.DailyGaitDetector;
				PRODUCT_NAME = "$(TARGET_NAME)";
				SWIFT_EMIT_LOC_STRINGS = YES;
				SWIFT_VERSION = 5.0;
				TARGETED_DEVICE_FAMILY = "1,2";
			};
			name = Debug;
		};
		462EC0BF2B39C71200D59389 /* Release */ = {
			isa = XCBuildConfiguration;
			buildSettings = {
				ASSETCATALOG_COMPILER_APPICON_NAME = AppIcon;
				ASSETCATALOG_COMPILER_GLOBAL_ACCENT_COLOR_NAME = AccentColor;
				CODE_SIGN_ENTITLEMENTS = DailyGaitDetector/DailyGaitDetector.entitlements;
				CODE_SIGN_STYLE = Automatic;
				CURRENT_PROJECT_VERSION = 1;
				DEVELOPMENT_ASSET_PATHS = "\"DailyGaitDetector/Preview Content\"";
				DEVELOPMENT_TEAM = B6Q254YT45;
				ENABLE_PREVIEWS = YES;
				GENERATE_INFOPLIST_FILE = YES;
				INFOPLIST_KEY_NSHealthShareUsageDescription = "Visit \"Health\" and read data";
				INFOPLIST_KEY_NSHealthUpdateUsageDescription = "Visit \"Health\" and read data";
				INFOPLIST_KEY_UIApplicationSceneManifest_Generation = YES;
				INFOPLIST_KEY_UIApplicationSupportsIndirectInputEvents = YES;
				INFOPLIST_KEY_UILaunchScreen_Generation = YES;
				INFOPLIST_KEY_UISupportedInterfaceOrientations_iPad = "UIInterfaceOrientationPortrait UIInterfaceOrientationPortraitUpsideDown UIInterfaceOrientationLandscapeLeft UIInterfaceOrientationLandscapeRight";
				INFOPLIST_KEY_UISupportedInterfaceOrientations_iPhone = "UIInterfaceOrientationPortrait UIInterfaceOrientationLandscapeLeft UIInterfaceOrientationLandscapeRight";
				IPHONEOS_DEPLOYMENT_TARGET = 16.0;
				LD_RUNPATH_SEARCH_PATHS = (
					"$(inherited)",
					"@executable_path/Frameworks",
				);
				MARKETING_VERSION = 1.0;
				PRODUCT_BUNDLE_IDENTIFIER = keio.DailyGaitDetector;
				PRODUCT_NAME = "$(TARGET_NAME)";
				SWIFT_EMIT_LOC_STRINGS = YES;
				SWIFT_VERSION = 5.0;
				TARGETED_DEVICE_FAMILY = "1,2";
			};
			name = Release;
		};
/* End XCBuildConfiguration section */

/* Begin XCConfigurationList section */
		462EC0AA2B39C71100D59389 /* Build configuration list for PBXProject "DailyGaitDetector" */ = {
			isa = XCConfigurationList;
			buildConfigurations = (
				462EC0BB2B39C71200D59389 /* Debug */,
				462EC0BC2B39C71200D59389 /* Release */,
			);
			defaultConfigurationIsVisible = 0;
			defaultConfigurationName = Release;
		};
		462EC0BD2B39C71200D59389 /* Build configuration list for PBXNativeTarget "DailyGaitDetector" */ = {
			isa = XCConfigurationList;
			buildConfigurations = (
				462EC0BE2B39C71200D59389 /* Debug */,
				462EC0BF2B39C71200D59389 /* Release */,
			);
			defaultConfigurationIsVisible = 0;
			defaultConfigurationName = Release;
		};
/* End XCConfigurationList section */
	};
	rootObject = 462EC0A72B39C71100D59389 /* Project object */;
}
